// !$*UTF8*$!
{
	archiveVersion = 1;
	classes = {
	};
	objectVersion = 50;
	objects = {

/* Begin PBXBuildFile section */
		A3015CDB220C563B0021318E /* TestLikeButtonViewController.swift in Sources */ = {isa = PBXBuildFile; fileRef = A3015CDA220C563B0021318E /* TestLikeButtonViewController.swift */; };
		A3015CDE220C8C9D0021318E /* FriendsSectionIndex.swift in Sources */ = {isa = PBXBuildFile; fileRef = A3015CDD220C8C9D0021318E /* FriendsSectionIndex.swift */; };
		A330872822036CA3006D70C8 /* AllPublicsTableViewController.swift in Sources */ = {isa = PBXBuildFile; fileRef = A330872722036CA3006D70C8 /* AllPublicsTableViewController.swift */; };
		A330872A22036D14006D70C8 /* AllPublicsTableViewCell.swift in Sources */ = {isa = PBXBuildFile; fileRef = A330872922036D14006D70C8 /* AllPublicsTableViewCell.swift */; };
		A330872D22036F15006D70C8 /* PublicsModel.swift in Sources */ = {isa = PBXBuildFile; fileRef = A330872C22036F15006D70C8 /* PublicsModel.swift */; };
		A330873022039BC6006D70C8 /* MyPublicsTableViewController.swift in Sources */ = {isa = PBXBuildFile; fileRef = A330872F22039BC6006D70C8 /* MyPublicsTableViewController.swift */; };
		A330873222039BDD006D70C8 /* MyPublicsTableViewCell.swift in Sources */ = {isa = PBXBuildFile; fileRef = A330873122039BDD006D70C8 /* MyPublicsTableViewCell.swift */; };
		A33087392203B46D006D70C8 /* FriendModel.swift in Sources */ = {isa = PBXBuildFile; fileRef = A33087382203B46D006D70C8 /* FriendModel.swift */; };
		A330873C2203BBDB006D70C8 /* FriendsPhotoesCollectionViewController.swift in Sources */ = {isa = PBXBuildFile; fileRef = A330873B2203BBDB006D70C8 /* FriendsPhotoesCollectionViewController.swift */; };
		A330873E2203BC08006D70C8 /* FriendsPhotoesCollectionViewCell.swift in Sources */ = {isa = PBXBuildFile; fileRef = A330873D2203BC08006D70C8 /* FriendsPhotoesCollectionViewCell.swift */; };
		A38D78D822085E6A0018B747 /* MyFriendsViewController.swift in Sources */ = {isa = PBXBuildFile; fileRef = A38D78D722085E6A0018B747 /* MyFriendsViewController.swift */; };
		A38D78DA220861E00018B747 /* FriendPhoto.swift in Sources */ = {isa = PBXBuildFile; fileRef = A38D78D9220861E00018B747 /* FriendPhoto.swift */; };
		A38D78DC220862F20018B747 /* MyFriendTwoTableViewCell.swift in Sources */ = {isa = PBXBuildFile; fileRef = A38D78DB220862F20018B747 /* MyFriendTwoTableViewCell.swift */; };
		A38D78E12208C8F10018B747 /* LikeButton.swift in Sources */ = {isa = PBXBuildFile; fileRef = A38D78E02208C8F10018B747 /* LikeButton.swift */; };
		A3A94A9A21F8D51D001BC531 /* AppDelegate.swift in Sources */ = {isa = PBXBuildFile; fileRef = A3A94A9921F8D51D001BC531 /* AppDelegate.swift */; };
		A3A94A9F21F8D51D001BC531 /* Main.storyboard in Resources */ = {isa = PBXBuildFile; fileRef = A3A94A9D21F8D51D001BC531 /* Main.storyboard */; };
		A3A94AA121F8D51E001BC531 /* Assets.xcassets in Resources */ = {isa = PBXBuildFile; fileRef = A3A94AA021F8D51E001BC531 /* Assets.xcassets */; };
		A3A94AA421F8D51E001BC531 /* LaunchScreen.storyboard in Resources */ = {isa = PBXBuildFile; fileRef = A3A94AA221F8D51E001BC531 /* LaunchScreen.storyboard */; };
		A3A94AAF21F8D51E001BC531 /* L1_KazakovAlekseiTests.swift in Sources */ = {isa = PBXBuildFile; fileRef = A3A94AAE21F8D51E001BC531 /* L1_KazakovAlekseiTests.swift */; };
		A3A94ABA21F8D51E001BC531 /* L1_KazakovAlekseiUITests.swift in Sources */ = {isa = PBXBuildFile; fileRef = A3A94AB921F8D51E001BC531 /* L1_KazakovAlekseiUITests.swift */; };
		A3A94AC921F8D560001BC531 /* loginViewController.swift in Sources */ = {isa = PBXBuildFile; fileRef = A3A94AC821F8D560001BC531 /* loginViewController.swift */; };
/* End PBXBuildFile section */

/* Begin PBXContainerItemProxy section */
		A3A94AAB21F8D51E001BC531 /* PBXContainerItemProxy */ = {
			isa = PBXContainerItemProxy;
			containerPortal = A3A94A8E21F8D51C001BC531 /* Project object */;
			proxyType = 1;
			remoteGlobalIDString = A3A94A9521F8D51D001BC531;
			remoteInfo = L1_KazakovAleksei;
		};
		A3A94AB621F8D51E001BC531 /* PBXContainerItemProxy */ = {
			isa = PBXContainerItemProxy;
			containerPortal = A3A94A8E21F8D51C001BC531 /* Project object */;
			proxyType = 1;
			remoteGlobalIDString = A3A94A9521F8D51D001BC531;
			remoteInfo = L1_KazakovAleksei;
		};
/* End PBXContainerItemProxy section */

/* Begin PBXFileReference section */
		A3015CDA220C563B0021318E /* TestLikeButtonViewController.swift */ = {isa = PBXFileReference; lastKnownFileType = sourcecode.swift; path = TestLikeButtonViewController.swift; sourceTree = "<group>"; };
		A3015CDD220C8C9D0021318E /* FriendsSectionIndex.swift */ = {isa = PBXFileReference; lastKnownFileType = sourcecode.swift; path = FriendsSectionIndex.swift; sourceTree = "<group>"; };
		A330872722036CA3006D70C8 /* AllPublicsTableViewController.swift */ = {isa = PBXFileReference; lastKnownFileType = sourcecode.swift; path = AllPublicsTableViewController.swift; sourceTree = "<group>"; };
		A330872922036D14006D70C8 /* AllPublicsTableViewCell.swift */ = {isa = PBXFileReference; lastKnownFileType = sourcecode.swift; path = AllPublicsTableViewCell.swift; sourceTree = "<group>"; };
		A330872C22036F15006D70C8 /* PublicsModel.swift */ = {isa = PBXFileReference; lastKnownFileType = sourcecode.swift; path = PublicsModel.swift; sourceTree = "<group>"; };
		A330872F22039BC6006D70C8 /* MyPublicsTableViewController.swift */ = {isa = PBXFileReference; lastKnownFileType = sourcecode.swift; path = MyPublicsTableViewController.swift; sourceTree = "<group>"; };
		A330873122039BDD006D70C8 /* MyPublicsTableViewCell.swift */ = {isa = PBXFileReference; lastKnownFileType = sourcecode.swift; path = MyPublicsTableViewCell.swift; sourceTree = "<group>"; };
		A33087382203B46D006D70C8 /* FriendModel.swift */ = {isa = PBXFileReference; lastKnownFileType = sourcecode.swift; path = FriendModel.swift; sourceTree = "<group>"; };
		A330873B2203BBDB006D70C8 /* FriendsPhotoesCollectionViewController.swift */ = {isa = PBXFileReference; lastKnownFileType = sourcecode.swift; path = FriendsPhotoesCollectionViewController.swift; sourceTree = "<group>"; };
		A330873D2203BC08006D70C8 /* FriendsPhotoesCollectionViewCell.swift */ = {isa = PBXFileReference; lastKnownFileType = sourcecode.swift; path = FriendsPhotoesCollectionViewCell.swift; sourceTree = "<group>"; };
		A38D78D722085E6A0018B747 /* MyFriendsViewController.swift */ = {isa = PBXFileReference; lastKnownFileType = sourcecode.swift; path = MyFriendsViewController.swift; sourceTree = "<group>"; };
		A38D78D9220861E00018B747 /* FriendPhoto.swift */ = {isa = PBXFileReference; lastKnownFileType = sourcecode.swift; path = FriendPhoto.swift; sourceTree = "<group>"; };
		A38D78DB220862F20018B747 /* MyFriendTwoTableViewCell.swift */ = {isa = PBXFileReference; lastKnownFileType = sourcecode.swift; path = MyFriendTwoTableViewCell.swift; sourceTree = "<group>"; };
		A38D78E02208C8F10018B747 /* LikeButton.swift */ = {isa = PBXFileReference; lastKnownFileType = sourcecode.swift; path = LikeButton.swift; sourceTree = "<group>"; };
		A3A94A9621F8D51D001BC531 /* L1_KazakovAleksei.app */ = {isa = PBXFileReference; explicitFileType = wrapper.application; includeInIndex = 0; path = L1_KazakovAleksei.app; sourceTree = BUILT_PRODUCTS_DIR; };
		A3A94A9921F8D51D001BC531 /* AppDelegate.swift */ = {isa = PBXFileReference; lastKnownFileType = sourcecode.swift; path = AppDelegate.swift; sourceTree = "<group>"; };
		A3A94A9E21F8D51D001BC531 /* Base */ = {isa = PBXFileReference; lastKnownFileType = file.storyboard; name = Base; path = Base.lproj/Main.storyboard; sourceTree = "<group>"; };
		A3A94AA021F8D51E001BC531 /* Assets.xcassets */ = {isa = PBXFileReference; lastKnownFileType = folder.assetcatalog; path = Assets.xcassets; sourceTree = "<group>"; };
		A3A94AA321F8D51E001BC531 /* Base */ = {isa = PBXFileReference; lastKnownFileType = file.storyboard; name = Base; path = Base.lproj/LaunchScreen.storyboard; sourceTree = "<group>"; };
		A3A94AA521F8D51E001BC531 /* Info.plist */ = {isa = PBXFileReference; lastKnownFileType = text.plist.xml; path = Info.plist; sourceTree = "<group>"; };
		A3A94AAA21F8D51E001BC531 /* L1_KazakovAlekseiTests.xctest */ = {isa = PBXFileReference; explicitFileType = wrapper.cfbundle; includeInIndex = 0; path = L1_KazakovAlekseiTests.xctest; sourceTree = BUILT_PRODUCTS_DIR; };
		A3A94AAE21F8D51E001BC531 /* L1_KazakovAlekseiTests.swift */ = {isa = PBXFileReference; lastKnownFileType = sourcecode.swift; path = L1_KazakovAlekseiTests.swift; sourceTree = "<group>"; };
		A3A94AB021F8D51E001BC531 /* Info.plist */ = {isa = PBXFileReference; lastKnownFileType = text.plist.xml; path = Info.plist; sourceTree = "<group>"; };
		A3A94AB521F8D51E001BC531 /* L1_KazakovAlekseiUITests.xctest */ = {isa = PBXFileReference; explicitFileType = wrapper.cfbundle; includeInIndex = 0; path = L1_KazakovAlekseiUITests.xctest; sourceTree = BUILT_PRODUCTS_DIR; };
		A3A94AB921F8D51E001BC531 /* L1_KazakovAlekseiUITests.swift */ = {isa = PBXFileReference; lastKnownFileType = sourcecode.swift; path = L1_KazakovAlekseiUITests.swift; sourceTree = "<group>"; };
		A3A94ABB21F8D51E001BC531 /* Info.plist */ = {isa = PBXFileReference; lastKnownFileType = text.plist.xml; path = Info.plist; sourceTree = "<group>"; };
		A3A94AC821F8D560001BC531 /* loginViewController.swift */ = {isa = PBXFileReference; lastKnownFileType = sourcecode.swift; path = loginViewController.swift; sourceTree = "<group>"; };
/* End PBXFileReference section */

/* Begin PBXFrameworksBuildPhase section */
		A3A94A9321F8D51D001BC531 /* Frameworks */ = {
			isa = PBXFrameworksBuildPhase;
			buildActionMask = 2147483647;
			files = (
			);
			runOnlyForDeploymentPostprocessing = 0;
		};
		A3A94AA721F8D51E001BC531 /* Frameworks */ = {
			isa = PBXFrameworksBuildPhase;
			buildActionMask = 2147483647;
			files = (
			);
			runOnlyForDeploymentPostprocessing = 0;
		};
		A3A94AB221F8D51E001BC531 /* Frameworks */ = {
			isa = PBXFrameworksBuildPhase;
			buildActionMask = 2147483647;
			files = (
			);
			runOnlyForDeploymentPostprocessing = 0;
		};
/* End PBXFrameworksBuildPhase section */

/* Begin PBXGroup section */
		A3015CDC220C8C570021318E /* Section Index */ = {
			isa = PBXGroup;
			children = (
				A3015CDD220C8C9D0021318E /* FriendsSectionIndex.swift */,
			);
			path = "Section Index";
			sourceTree = "<group>";
		};
		A330872622036C49006D70C8 /* All publics */ = {
			isa = PBXGroup;
			children = (
				A330872722036CA3006D70C8 /* AllPublicsTableViewController.swift */,
				A330872922036D14006D70C8 /* AllPublicsTableViewCell.swift */,
			);
			path = "All publics";
			sourceTree = "<group>";
		};
		A330872B22036EED006D70C8 /* Models */ = {
			isa = PBXGroup;
			children = (
				A330872C22036F15006D70C8 /* PublicsModel.swift */,
				A33087382203B46D006D70C8 /* FriendModel.swift */,
			);
			path = Models;
			sourceTree = "<group>";
		};
		A330872E22039B9D006D70C8 /* My publics */ = {
			isa = PBXGroup;
			children = (
				A330873122039BDD006D70C8 /* MyPublicsTableViewCell.swift */,
				A330872F22039BC6006D70C8 /* MyPublicsTableViewController.swift */,
			);
			path = "My publics";
			sourceTree = "<group>";
		};
		A330873A2203BB8C006D70C8 /* Friends Photoes */ = {
			isa = PBXGroup;
			children = (
				A330873B2203BBDB006D70C8 /* FriendsPhotoesCollectionViewController.swift */,
				A330873D2203BC08006D70C8 /* FriendsPhotoesCollectionViewCell.swift */,
			);
			path = "Friends Photoes";
			sourceTree = "<group>";
		};
		A38D78D622085E400018B747 /* My Friend VC */ = {
			isa = PBXGroup;
			children = (
				A38D78D722085E6A0018B747 /* MyFriendsViewController.swift */,
				A38D78D9220861E00018B747 /* FriendPhoto.swift */,
				A38D78DB220862F20018B747 /* MyFriendTwoTableViewCell.swift */,
			);
			path = "My Friend VC";
			sourceTree = "<group>";
		};
		A38D78DF2208C8A80018B747 /* LikeButton */ = {
			isa = PBXGroup;
			children = (
				A38D78E02208C8F10018B747 /* LikeButton.swift */,
				A3015CDA220C563B0021318E /* TestLikeButtonViewController.swift */,
			);
			path = LikeButton;
			sourceTree = "<group>";
		};
		A3A94A8D21F8D51C001BC531 = {
			isa = PBXGroup;
			children = (
				A3A94A9821F8D51D001BC531 /* L1_KazakovAleksei */,
				A3A94AAD21F8D51E001BC531 /* L1_KazakovAlekseiTests */,
				A3A94AB821F8D51E001BC531 /* L1_KazakovAlekseiUITests */,
				A3A94A9721F8D51D001BC531 /* Products */,
			);
			sourceTree = "<group>";
		};
		A3A94A9721F8D51D001BC531 /* Products */ = {
			isa = PBXGroup;
			children = (
				A3A94A9621F8D51D001BC531 /* L1_KazakovAleksei.app */,
				A3A94AAA21F8D51E001BC531 /* L1_KazakovAlekseiTests.xctest */,
				A3A94AB521F8D51E001BC531 /* L1_KazakovAlekseiUITests.xctest */,
			);
			name = Products;
			sourceTree = "<group>";
		};
		A3A94A9821F8D51D001BC531 /* L1_KazakovAleksei */ = {
			isa = PBXGroup;
			children = (
				A3015CDC220C8C570021318E /* Section Index */,
				A38D78DF2208C8A80018B747 /* LikeButton */,
				A38D78D622085E400018B747 /* My Friend VC */,
				A330873A2203BB8C006D70C8 /* Friends Photoes */,
				A330872E22039B9D006D70C8 /* My publics */,
				A330872B22036EED006D70C8 /* Models */,
				A330872622036C49006D70C8 /* All publics */,
				A3A94AC721F8D534001BC531 /* Login View Controller */,
				A3A94A9921F8D51D001BC531 /* AppDelegate.swift */,
				A3A94A9D21F8D51D001BC531 /* Main.storyboard */,
				A3A94AA021F8D51E001BC531 /* Assets.xcassets */,
				A3A94AA221F8D51E001BC531 /* LaunchScreen.storyboard */,
				A3A94AA521F8D51E001BC531 /* Info.plist */,
			);
			path = L1_KazakovAleksei;
			sourceTree = "<group>";
		};
		A3A94AAD21F8D51E001BC531 /* L1_KazakovAlekseiTests */ = {
			isa = PBXGroup;
			children = (
				A3A94AAE21F8D51E001BC531 /* L1_KazakovAlekseiTests.swift */,
				A3A94AB021F8D51E001BC531 /* Info.plist */,
			);
			path = L1_KazakovAlekseiTests;
			sourceTree = "<group>";
		};
		A3A94AB821F8D51E001BC531 /* L1_KazakovAlekseiUITests */ = {
			isa = PBXGroup;
			children = (
				A3A94AB921F8D51E001BC531 /* L1_KazakovAlekseiUITests.swift */,
				A3A94ABB21F8D51E001BC531 /* Info.plist */,
			);
			path = L1_KazakovAlekseiUITests;
			sourceTree = "<group>";
		};
		A3A94AC721F8D534001BC531 /* Login View Controller */ = {
			isa = PBXGroup;
			children = (
				A3A94AC821F8D560001BC531 /* loginViewController.swift */,
			);
			path = "Login View Controller";
			sourceTree = "<group>";
		};
/* End PBXGroup section */

/* Begin PBXNativeTarget section */
		A3A94A9521F8D51D001BC531 /* L1_KazakovAleksei */ = {
			isa = PBXNativeTarget;
			buildConfigurationList = A3A94ABE21F8D51E001BC531 /* Build configuration list for PBXNativeTarget "L1_KazakovAleksei" */;
			buildPhases = (
				A3A94A9221F8D51D001BC531 /* Sources */,
				A3A94A9321F8D51D001BC531 /* Frameworks */,
				A3A94A9421F8D51D001BC531 /* Resources */,
			);
			buildRules = (
			);
			dependencies = (
			);
			name = L1_KazakovAleksei;
			productName = L1_KazakovAleksei;
			productReference = A3A94A9621F8D51D001BC531 /* L1_KazakovAleksei.app */;
			productType = "com.apple.product-type.application";
		};
		A3A94AA921F8D51E001BC531 /* L1_KazakovAlekseiTests */ = {
			isa = PBXNativeTarget;
			buildConfigurationList = A3A94AC121F8D51E001BC531 /* Build configuration list for PBXNativeTarget "L1_KazakovAlekseiTests" */;
			buildPhases = (
				A3A94AA621F8D51E001BC531 /* Sources */,
				A3A94AA721F8D51E001BC531 /* Frameworks */,
				A3A94AA821F8D51E001BC531 /* Resources */,
			);
			buildRules = (
			);
			dependencies = (
				A3A94AAC21F8D51E001BC531 /* PBXTargetDependency */,
			);
			name = L1_KazakovAlekseiTests;
			productName = L1_KazakovAlekseiTests;
			productReference = A3A94AAA21F8D51E001BC531 /* L1_KazakovAlekseiTests.xctest */;
			productType = "com.apple.product-type.bundle.unit-test";
		};
		A3A94AB421F8D51E001BC531 /* L1_KazakovAlekseiUITests */ = {
			isa = PBXNativeTarget;
			buildConfigurationList = A3A94AC421F8D51E001BC531 /* Build configuration list for PBXNativeTarget "L1_KazakovAlekseiUITests" */;
			buildPhases = (
				A3A94AB121F8D51E001BC531 /* Sources */,
				A3A94AB221F8D51E001BC531 /* Frameworks */,
				A3A94AB321F8D51E001BC531 /* Resources */,
			);
			buildRules = (
			);
			dependencies = (
				A3A94AB721F8D51E001BC531 /* PBXTargetDependency */,
			);
			name = L1_KazakovAlekseiUITests;
			productName = L1_KazakovAlekseiUITests;
			productReference = A3A94AB521F8D51E001BC531 /* L1_KazakovAlekseiUITests.xctest */;
			productType = "com.apple.product-type.bundle.ui-testing";
		};
/* End PBXNativeTarget section */

/* Begin PBXProject section */
		A3A94A8E21F8D51C001BC531 /* Project object */ = {
			isa = PBXProject;
			attributes = {
				LastSwiftUpdateCheck = 1010;
				LastUpgradeCheck = 1010;
				ORGANIZATIONNAME = "Алексей Казаков";
				TargetAttributes = {
					A3A94A9521F8D51D001BC531 = {
						CreatedOnToolsVersion = 10.1;
					};
					A3A94AA921F8D51E001BC531 = {
						CreatedOnToolsVersion = 10.1;
						TestTargetID = A3A94A9521F8D51D001BC531;
					};
					A3A94AB421F8D51E001BC531 = {
						CreatedOnToolsVersion = 10.1;
						TestTargetID = A3A94A9521F8D51D001BC531;
					};
				};
			};
			buildConfigurationList = A3A94A9121F8D51C001BC531 /* Build configuration list for PBXProject "L1_KazakovAleksei" */;
			compatibilityVersion = "Xcode 9.3";
			developmentRegion = en;
			hasScannedForEncodings = 0;
			knownRegions = (
				en,
				Base,
			);
			mainGroup = A3A94A8D21F8D51C001BC531;
			productRefGroup = A3A94A9721F8D51D001BC531 /* Products */;
			projectDirPath = "";
			projectRoot = "";
			targets = (
				A3A94A9521F8D51D001BC531 /* L1_KazakovAleksei */,
				A3A94AA921F8D51E001BC531 /* L1_KazakovAlekseiTests */,
				A3A94AB421F8D51E001BC531 /* L1_KazakovAlekseiUITests */,
			);
		};
/* End PBXProject section */

/* Begin PBXResourcesBuildPhase section */
		A3A94A9421F8D51D001BC531 /* Resources */ = {
			isa = PBXResourcesBuildPhase;
			buildActionMask = 2147483647;
			files = (
				A3A94AA421F8D51E001BC531 /* LaunchScreen.storyboard in Resources */,
				A3A94AA121F8D51E001BC531 /* Assets.xcassets in Resources */,
				A3A94A9F21F8D51D001BC531 /* Main.storyboard in Resources */,
			);
			runOnlyForDeploymentPostprocessing = 0;
		};
		A3A94AA821F8D51E001BC531 /* Resources */ = {
			isa = PBXResourcesBuildPhase;
			buildActionMask = 2147483647;
			files = (
			);
			runOnlyForDeploymentPostprocessing = 0;
		};
		A3A94AB321F8D51E001BC531 /* Resources */ = {
			isa = PBXResourcesBuildPhase;
			buildActionMask = 2147483647;
			files = (
			);
			runOnlyForDeploymentPostprocessing = 0;
		};
/* End PBXResourcesBuildPhase section */

/* Begin PBXSourcesBuildPhase section */
		A3A94A9221F8D51D001BC531 /* Sources */ = {
			isa = PBXSourcesBuildPhase;
			buildActionMask = 2147483647;
			files = (
				A3A94AC921F8D560001BC531 /* loginViewController.swift in Sources */,
				A38D78D822085E6A0018B747 /* MyFriendsViewController.swift in Sources */,
				A330873222039BDD006D70C8 /* MyPublicsTableViewCell.swift in Sources */,
				A38D78DC220862F20018B747 /* MyFriendTwoTableViewCell.swift in Sources */,
				A3A94A9A21F8D51D001BC531 /* AppDelegate.swift in Sources */,
				A330873022039BC6006D70C8 /* MyPublicsTableViewController.swift in Sources */,
				A33087392203B46D006D70C8 /* FriendModel.swift in Sources */,
				A330872A22036D14006D70C8 /* AllPublicsTableViewCell.swift in Sources */,
				A330872822036CA3006D70C8 /* AllPublicsTableViewController.swift in Sources */,
				A3015CDB220C563B0021318E /* TestLikeButtonViewController.swift in Sources */,
				A330873E2203BC08006D70C8 /* FriendsPhotoesCollectionViewCell.swift in Sources */,
				A38D78E12208C8F10018B747 /* LikeButton.swift in Sources */,
				A3015CDE220C8C9D0021318E /* FriendsSectionIndex.swift in Sources */,
				A330872D22036F15006D70C8 /* PublicsModel.swift in Sources */,
				A38D78DA220861E00018B747 /* FriendPhoto.swift in Sources */,
				A330873C2203BBDB006D70C8 /* FriendsPhotoesCollectionViewController.swift in Sources */,
			);
			runOnlyForDeploymentPostprocessing = 0;
		};
		A3A94AA621F8D51E001BC531 /* Sources */ = {
			isa = PBXSourcesBuildPhase;
			buildActionMask = 2147483647;
			files = (
				A3A94AAF21F8D51E001BC531 /* L1_KazakovAlekseiTests.swift in Sources */,
			);
			runOnlyForDeploymentPostprocessing = 0;
		};
		A3A94AB121F8D51E001BC531 /* Sources */ = {
			isa = PBXSourcesBuildPhase;
			buildActionMask = 2147483647;
			files = (
				A3A94ABA21F8D51E001BC531 /* L1_KazakovAlekseiUITests.swift in Sources */,
			);
			runOnlyForDeploymentPostprocessing = 0;
		};
/* End PBXSourcesBuildPhase section */

/* Begin PBXTargetDependency section */
		A3A94AAC21F8D51E001BC531 /* PBXTargetDependency */ = {
			isa = PBXTargetDependency;
			target = A3A94A9521F8D51D001BC531 /* L1_KazakovAleksei */;
			targetProxy = A3A94AAB21F8D51E001BC531 /* PBXContainerItemProxy */;
		};
		A3A94AB721F8D51E001BC531 /* PBXTargetDependency */ = {
			isa = PBXTargetDependency;
			target = A3A94A9521F8D51D001BC531 /* L1_KazakovAleksei */;
			targetProxy = A3A94AB621F8D51E001BC531 /* PBXContainerItemProxy */;
		};
/* End PBXTargetDependency section */

/* Begin PBXVariantGroup section */
		A3A94A9D21F8D51D001BC531 /* Main.storyboard */ = {
			isa = PBXVariantGroup;
			children = (
				A3A94A9E21F8D51D001BC531 /* Base */,
			);
			name = Main.storyboard;
			sourceTree = "<group>";
		};
		A3A94AA221F8D51E001BC531 /* LaunchScreen.storyboard */ = {
			isa = PBXVariantGroup;
			children = (
				A3A94AA321F8D51E001BC531 /* Base */,
			);
			name = LaunchScreen.storyboard;
			sourceTree = "<group>";
		};
/* End PBXVariantGroup section */

/* Begin XCBuildConfiguration section */
		A3A94ABC21F8D51E001BC531 /* Debug */ = {
			isa = XCBuildConfiguration;
			buildSettings = {
				ALWAYS_SEARCH_USER_PATHS = NO;
				CLANG_ANALYZER_NONNULL = YES;
				CLANG_ANALYZER_NUMBER_OBJECT_CONVERSION = YES_AGGRESSIVE;
				CLANG_CXX_LANGUAGE_STANDARD = "gnu++14";
				CLANG_CXX_LIBRARY = "libc++";
				CLANG_ENABLE_MODULES = YES;
				CLANG_ENABLE_OBJC_ARC = YES;
				CLANG_ENABLE_OBJC_WEAK = YES;
				CLANG_WARN_BLOCK_CAPTURE_AUTORELEASING = YES;
				CLANG_WARN_BOOL_CONVERSION = YES;
				CLANG_WARN_COMMA = YES;
				CLANG_WARN_CONSTANT_CONVERSION = YES;
				CLANG_WARN_DEPRECATED_OBJC_IMPLEMENTATIONS = YES;
				CLANG_WARN_DIRECT_OBJC_ISA_USAGE = YES_ERROR;
				CLANG_WARN_DOCUMENTATION_COMMENTS = YES;
				CLANG_WARN_EMPTY_BODY = YES;
				CLANG_WARN_ENUM_CONVERSION = YES;
				CLANG_WARN_INFINITE_RECURSION = YES;
				CLANG_WARN_INT_CONVERSION = YES;
				CLANG_WARN_NON_LITERAL_NULL_CONVERSION = YES;
				CLANG_WARN_OBJC_IMPLICIT_RETAIN_SELF = YES;
				CLANG_WARN_OBJC_LITERAL_CONVERSION = YES;
				CLANG_WARN_OBJC_ROOT_CLASS = YES_ERROR;
				CLANG_WARN_RANGE_LOOP_ANALYSIS = YES;
				CLANG_WARN_STRICT_PROTOTYPES = YES;
				CLANG_WARN_SUSPICIOUS_MOVE = YES;
				CLANG_WARN_UNGUARDED_AVAILABILITY = YES_AGGRESSIVE;
				CLANG_WARN_UNREACHABLE_CODE = YES;
				CLANG_WARN__DUPLICATE_METHOD_MATCH = YES;
				CODE_SIGN_IDENTITY = "iPhone Developer";
				COPY_PHASE_STRIP = NO;
				DEBUG_INFORMATION_FORMAT = dwarf;
				ENABLE_STRICT_OBJC_MSGSEND = YES;
				ENABLE_TESTABILITY = YES;
				GCC_C_LANGUAGE_STANDARD = gnu11;
				GCC_DYNAMIC_NO_PIC = NO;
				GCC_NO_COMMON_BLOCKS = YES;
				GCC_OPTIMIZATION_LEVEL = 0;
				GCC_PREPROCESSOR_DEFINITIONS = (
					"DEBUG=1",
					"$(inherited)",
				);
				GCC_WARN_64_TO_32_BIT_CONVERSION = YES;
				GCC_WARN_ABOUT_RETURN_TYPE = YES_ERROR;
				GCC_WARN_UNDECLARED_SELECTOR = YES;
				GCC_WARN_UNINITIALIZED_AUTOS = YES_AGGRESSIVE;
				GCC_WARN_UNUSED_FUNCTION = YES;
				GCC_WARN_UNUSED_VARIABLE = YES;
				IPHONEOS_DEPLOYMENT_TARGET = 12.1;
				MTL_ENABLE_DEBUG_INFO = INCLUDE_SOURCE;
				MTL_FAST_MATH = YES;
				ONLY_ACTIVE_ARCH = YES;
				SDKROOT = iphoneos;
				SWIFT_ACTIVE_COMPILATION_CONDITIONS = DEBUG;
				SWIFT_OPTIMIZATION_LEVEL = "-Onone";
			};
			name = Debug;
		};
		A3A94ABD21F8D51E001BC531 /* Release */ = {
			isa = XCBuildConfiguration;
			buildSettings = {
				ALWAYS_SEARCH_USER_PATHS = NO;
				CLANG_ANALYZER_NONNULL = YES;
				CLANG_ANALYZER_NUMBER_OBJECT_CONVERSION = YES_AGGRESSIVE;
				CLANG_CXX_LANGUAGE_STANDARD = "gnu++14";
				CLANG_CXX_LIBRARY = "libc++";
				CLANG_ENABLE_MODULES = YES;
				CLANG_ENABLE_OBJC_ARC = YES;
				CLANG_ENABLE_OBJC_WEAK = YES;
				CLANG_WARN_BLOCK_CAPTURE_AUTORELEASING = YES;
				CLANG_WARN_BOOL_CONVERSION = YES;
				CLANG_WARN_COMMA = YES;
				CLANG_WARN_CONSTANT_CONVERSION = YES;
				CLANG_WARN_DEPRECATED_OBJC_IMPLEMENTATIONS = YES;
				CLANG_WARN_DIRECT_OBJC_ISA_USAGE = YES_ERROR;
				CLANG_WARN_DOCUMENTATION_COMMENTS = YES;
				CLANG_WARN_EMPTY_BODY = YES;
				CLANG_WARN_ENUM_CONVERSION = YES;
				CLANG_WARN_INFINITE_RECURSION = YES;
				CLANG_WARN_INT_CONVERSION = YES;
				CLANG_WARN_NON_LITERAL_NULL_CONVERSION = YES;
				CLANG_WARN_OBJC_IMPLICIT_RETAIN_SELF = YES;
				CLANG_WARN_OBJC_LITERAL_CONVERSION = YES;
				CLANG_WARN_OBJC_ROOT_CLASS = YES_ERROR;
				CLANG_WARN_RANGE_LOOP_ANALYSIS = YES;
				CLANG_WARN_STRICT_PROTOTYPES = YES;
				CLANG_WARN_SUSPICIOUS_MOVE = YES;
				CLANG_WARN_UNGUARDED_AVAILABILITY = YES_AGGRESSIVE;
				CLANG_WARN_UNREACHABLE_CODE = YES;
				CLANG_WARN__DUPLICATE_METHOD_MATCH = YES;
				CODE_SIGN_IDENTITY = "iPhone Developer";
				COPY_PHASE_STRIP = NO;
				DEBUG_INFORMATION_FORMAT = "dwarf-with-dsym";
				ENABLE_NS_ASSERTIONS = NO;
				ENABLE_STRICT_OBJC_MSGSEND = YES;
				GCC_C_LANGUAGE_STANDARD = gnu11;
				GCC_NO_COMMON_BLOCKS = YES;
				GCC_WARN_64_TO_32_BIT_CONVERSION = YES;
				GCC_WARN_ABOUT_RETURN_TYPE = YES_ERROR;
				GCC_WARN_UNDECLARED_SELECTOR = YES;
				GCC_WARN_UNINITIALIZED_AUTOS = YES_AGGRESSIVE;
				GCC_WARN_UNUSED_FUNCTION = YES;
				GCC_WARN_UNUSED_VARIABLE = YES;
				IPHONEOS_DEPLOYMENT_TARGET = 12.1;
				MTL_ENABLE_DEBUG_INFO = NO;
				MTL_FAST_MATH = YES;
				SDKROOT = iphoneos;
				SWIFT_COMPILATION_MODE = wholemodule;
				SWIFT_OPTIMIZATION_LEVEL = "-O";
				VALIDATE_PRODUCT = YES;
			};
			name = Release;
		};
		A3A94ABF21F8D51E001BC531 /* Debug */ = {
			isa = XCBuildConfiguration;
			buildSettings = {
				ASSETCATALOG_COMPILER_APPICON_NAME = AppIcon;
				CODE_SIGN_STYLE = Automatic;
				INFOPLIST_FILE = L1_KazakovAleksei/Info.plist;
				LD_RUNPATH_SEARCH_PATHS = (
					"$(inherited)",
					"@executable_path/Frameworks",
				);
				PRODUCT_BUNDLE_IDENTIFIER = "CristopherJohnson.L1-KazakovAleksei";
				PRODUCT_NAME = "$(TARGET_NAME)";
				SWIFT_VERSION = 4.2;
				TARGETED_DEVICE_FAMILY = "1,2";
			};
			name = Debug;
		};
		A3A94AC021F8D51E001BC531 /* Release */ = {
			isa = XCBuildConfiguration;
			buildSettings = {
				ASSETCATALOG_COMPILER_APPICON_NAME = AppIcon;
				CODE_SIGN_STYLE = Automatic;
				INFOPLIST_FILE = L1_KazakovAleksei/Info.plist;
				LD_RUNPATH_SEARCH_PATHS = (
					"$(inherited)",
					"@executable_path/Frameworks",
				);
				PRODUCT_BUNDLE_IDENTIFIER = "CristopherJohnson.L1-KazakovAleksei";
				PRODUCT_NAME = "$(TARGET_NAME)";
				SWIFT_VERSION = 4.2;
				TARGETED_DEVICE_FAMILY = "1,2";
			};
			name = Release;
		};
		A3A94AC221F8D51E001BC531 /* Debug */ = {
			isa = XCBuildConfiguration;
			buildSettings = {
				ALWAYS_EMBED_SWIFT_STANDARD_LIBRARIES = YES;
				BUNDLE_LOADER = "$(TEST_HOST)";
				CODE_SIGN_STYLE = Automatic;
				INFOPLIST_FILE = L1_KazakovAlekseiTests/Info.plist;
				LD_RUNPATH_SEARCH_PATHS = (
					"$(inherited)",
					"@executable_path/Frameworks",
					"@loader_path/Frameworks",
				);
				PRODUCT_BUNDLE_IDENTIFIER = "CristopherJohnson.L1-KazakovAlekseiTests";
				PRODUCT_NAME = "$(TARGET_NAME)";
				SWIFT_VERSION = 4.2;
				TARGETED_DEVICE_FAMILY = "1,2";
				TEST_HOST = "$(BUILT_PRODUCTS_DIR)/L1_KazakovAleksei.app/L1_KazakovAleksei";
			};
			name = Debug;
		};
		A3A94AC321F8D51E001BC531 /* Release */ = {
			isa = XCBuildConfiguration;
			buildSettings = {
				ALWAYS_EMBED_SWIFT_STANDARD_LIBRARIES = YES;
				BUNDLE_LOADER = "$(TEST_HOST)";
				CODE_SIGN_STYLE = Automatic;
				INFOPLIST_FILE = L1_KazakovAlekseiTests/Info.plist;
				LD_RUNPATH_SEARCH_PATHS = (
					"$(inherited)",
					"@executable_path/Frameworks",
					"@loader_path/Frameworks",
				);
				PRODUCT_BUNDLE_IDENTIFIER = "CristopherJohnson.L1-KazakovAlekseiTests";
				PRODUCT_NAME = "$(TARGET_NAME)";
				SWIFT_VERSION = 4.2;
				TARGETED_DEVICE_FAMILY = "1,2";
				TEST_HOST = "$(BUILT_PRODUCTS_DIR)/L1_KazakovAleksei.app/L1_KazakovAleksei";
			};
			name = Release;
		};
		A3A94AC521F8D51E001BC531 /* Debug */ = {
			isa = XCBuildConfiguration;
			buildSettings = {
				ALWAYS_EMBED_SWIFT_STANDARD_LIBRARIES = YES;
				CODE_SIGN_STYLE = Automatic;
				INFOPLIST_FILE = L1_KazakovAlekseiUITests/Info.plist;
				LD_RUNPATH_SEARCH_PATHS = (
					"$(inherited)",
					"@executable_path/Frameworks",
					"@loader_path/Frameworks",
				);
				PRODUCT_BUNDLE_IDENTIFIER = "CristopherJohnson.L1-KazakovAlekseiUITests";
				PRODUCT_NAME = "$(TARGET_NAME)";
				SWIFT_VERSION = 4.2;
				TARGETED_DEVICE_FAMILY = "1,2";
				TEST_TARGET_NAME = L1_KazakovAleksei;
			};
			name = Debug;
		};
		A3A94AC621F8D51E001BC531 /* Release */ = {
			isa = XCBuildConfiguration;
			buildSettings = {
				ALWAYS_EMBED_SWIFT_STANDARD_LIBRARIES = YES;
				CODE_SIGN_STYLE = Automatic;
				INFOPLIST_FILE = L1_KazakovAlekseiUITests/Info.plist;
				LD_RUNPATH_SEARCH_PATHS = (
					"$(inherited)",
					"@executable_path/Frameworks",
					"@loader_path/Frameworks",
				);
				PRODUCT_BUNDLE_IDENTIFIER = "CristopherJohnson.L1-KazakovAlekseiUITests";
				PRODUCT_NAME = "$(TARGET_NAME)";
				SWIFT_VERSION = 4.2;
				TARGETED_DEVICE_FAMILY = "1,2";
				TEST_TARGET_NAME = L1_KazakovAleksei;
			};
			name = Release;
		};
/* End XCBuildConfiguration section */

/* Begin XCConfigurationList section */
		A3A94A9121F8D51C001BC531 /* Build configuration list for PBXProject "L1_KazakovAleksei" */ = {
			isa = XCConfigurationList;
			buildConfigurations = (
				A3A94ABC21F8D51E001BC531 /* Debug */,
				A3A94ABD21F8D51E001BC531 /* Release */,
			);
			defaultConfigurationIsVisible = 0;
			defaultConfigurationName = Release;
		};
		A3A94ABE21F8D51E001BC531 /* Build configuration list for PBXNativeTarget "L1_KazakovAleksei" */ = {
			isa = XCConfigurationList;
			buildConfigurations = (
				A3A94ABF21F8D51E001BC531 /* Debug */,
				A3A94AC021F8D51E001BC531 /* Release */,
			);
			defaultConfigurationIsVisible = 0;
			defaultConfigurationName = Release;
		};
		A3A94AC121F8D51E001BC531 /* Build configuration list for PBXNativeTarget "L1_KazakovAlekseiTests" */ = {
			isa = XCConfigurationList;
			buildConfigurations = (
				A3A94AC221F8D51E001BC531 /* Debug */,
				A3A94AC321F8D51E001BC531 /* Release */,
			);
			defaultConfigurationIsVisible = 0;
			defaultConfigurationName = Release;
		};
		A3A94AC421F8D51E001BC531 /* Build configuration list for PBXNativeTarget "L1_KazakovAlekseiUITests" */ = {
			isa = XCConfigurationList;
			buildConfigurations = (
				A3A94AC521F8D51E001BC531 /* Debug */,
				A3A94AC621F8D51E001BC531 /* Release */,
			);
			defaultConfigurationIsVisible = 0;
			defaultConfigurationName = Release;
		};
/* End XCConfigurationList section */
	};
	rootObject = A3A94A8E21F8D51C001BC531 /* Project object */;
}
